
Microsoft Visual Studio Solution File, Format Version 12.00
Project("{FAE04EC0-301F-11D3-BF4B-00C04F79EFBC}") = "ImagePublisher", "ImagePublisher\ImagePublisher.csproj", "{943D62B5-AB25-4118-BE81-9C349600B5EB}"
EndProject
Project("{FAE04EC0-301F-11D3-BF4B-00C04F79EFBC}") = "ImagePublisher.DeviantArt", "ImagePublisher.DeviantArt\ImagePublisher.DeviantArt.csproj", "{16830538-C73B-4BF0-9A41-F45000BFAFD6}"
EndProject
Project("{FAE04EC0-301F-11D3-BF4B-00C04F79EFBC}") = "ImagePublisher.Core", "ImagePublisher.Core\ImagePublisher.Core.csproj", "{11387FC9-CAF2-401F-BC7E-4240985AC2ED}"
EndProject
Project("{FAE04EC0-301F-11D3-BF4B-00C04F79EFBC}") = "ImagePublisher.Instagram", "ImagePublisher.Instagram\ImagePublisher.Instagram.csproj", "{B4FC6A01-C199-4366-A3DC-4F739F37E673}"
EndProject
Project("{FAE04EC0-301F-11D3-BF4B-00C04F79EFBC}") = "ImagePublisher.TagHelper", "ImagePublisher.TagHelper\ImagePublisher.TagHelper.csproj", "{2B8BC639-9C0A-4AA1-AF89-9A8F0056C960}"
EndProject
Project("{FAE04EC0-301F-11D3-BF4B-00C04F79EFBC}") = "ImagePublisher.Browser", "ImagePublisher.Browser\ImagePublisher.Browser.csproj", "{C5CD6F62-A856-4960-BB65-CB20ABD6F6D5}"
EndProject
Global
	GlobalSection(SolutionConfigurationPlatforms) = preSolution
		Debug|Any CPU = Debug|Any CPU
		Release|Any CPU = Release|Any CPU
	EndGlobalSection
	GlobalSection(ProjectConfigurationPlatforms) = postSolution
		{943D62B5-AB25-4118-BE81-9C349600B5EB}.Debug|Any CPU.ActiveCfg = Debug|Any CPU
		{943D62B5-AB25-4118-BE81-9C349600B5EB}.Debug|Any CPU.Build.0 = Debug|Any CPU
		{943D62B5-AB25-4118-BE81-9C349600B5EB}.Release|Any CPU.ActiveCfg = Release|Any CPU
		{943D62B5-AB25-4118-BE81-9C349600B5EB}.Release|Any CPU.Build.0 = Release|Any CPU
		{16830538-C73B-4BF0-9A41-F45000BFAFD6}.Debug|Any CPU.ActiveCfg = Debug|Any CPU
		{16830538-C73B-4BF0-9A41-F45000BFAFD6}.Debug|Any CPU.Build.0 = Debug|Any CPU
		{16830538-C73B-4BF0-9A41-F45000BFAFD6}.Release|Any CPU.ActiveCfg = Release|Any CPU
		{16830538-C73B-4BF0-9A41-F45000BFAFD6}.Release|Any CPU.Build.0 = Release|Any CPU
		{11387FC9-CAF2-401F-BC7E-4240985AC2ED}.Debug|Any CPU.ActiveCfg = Debug|Any CPU
		{11387FC9-CAF2-401F-BC7E-4240985AC2ED}.Debug|Any CPU.Build.0 = Debug|Any CPU
		{11387FC9-CAF2-401F-BC7E-4240985AC2ED}.Release|Any CPU.ActiveCfg = Release|Any CPU
		{11387FC9-CAF2-401F-BC7E-4240985AC2ED}.Release|Any CPU.Build.0 = Release|Any CPU
		{B4FC6A01-C199-4366-A3DC-4F739F37E673}.Debug|Any CPU.ActiveCfg = Debug|Any CPU
		{B4FC6A01-C199-4366-A3DC-4F739F37E673}.Debug|Any CPU.Build.0 = Debug|Any CPU
		{B4FC6A01-C199-4366-A3DC-4F739F37E673}.Release|Any CPU.ActiveCfg = Release|Any CPU
		{B4FC6A01-C199-4366-A3DC-4F739F37E673}.Release|Any CPU.Build.0 = Release|Any CPU
		{2B8BC639-9C0A-4AA1-AF89-9A8F0056C960}.Debug|Any CPU.ActiveCfg = Debug|Any CPU
		{2B8BC639-9C0A-4AA1-AF89-9A8F0056C960}.Debug|Any CPU.Build.0 = Debug|Any CPU
		{2B8BC639-9C0A-4AA1-AF89-9A8F0056C960}.Release|Any CPU.ActiveCfg = Release|Any CPU
		{2B8BC639-9C0A-4AA1-AF89-9A8F0056C960}.Release|Any CPU.Build.0 = Release|Any CPU
		{C5CD6F62-A856-4960-BB65-CB20ABD6F6D5}.Debug|Any CPU.ActiveCfg = Debug|Any CPU
		{C5CD6F62-A856-4960-BB65-CB20ABD6F6D5}.Debug|Any CPU.Build.0 = Debug|Any CPU
		{C5CD6F62-A856-4960-BB65-CB20ABD6F6D5}.Release|Any CPU.ActiveCfg = Release|Any CPU
		{C5CD6F62-A856-4960-BB65-CB20ABD6F6D5}.Release|Any CPU.Build.0 = Release|Any CPU
	EndGlobalSection
EndGlobal
